// !$*UTF8*$!
{
	archiveVersion = 1;
	classes = {
	};
	objectVersion = 48;
	objects = {

/* Begin PBXBuildFile section */
		206043EC2068AA7100E49624 /* AppDelegate.swift in Sources */ = {isa = PBXBuildFile; fileRef = 206043EB2068AA7100E49624 /* AppDelegate.swift */; };
		206043EE2068AA7100E49624 /* ViewController.swift in Sources */ = {isa = PBXBuildFile; fileRef = 206043ED2068AA7100E49624 /* ViewController.swift */; };
		206043F12068AA7100E49624 /* Main.storyboard in Resources */ = {isa = PBXBuildFile; fileRef = 206043EF2068AA7100E49624 /* Main.storyboard */; };
		206043F32068AA7100E49624 /* Assets.xcassets in Resources */ = {isa = PBXBuildFile; fileRef = 206043F22068AA7100E49624 /* Assets.xcassets */; };
		206043F62068AA7100E49624 /* LaunchScreen.storyboard in Resources */ = {isa = PBXBuildFile; fileRef = 206043F42068AA7100E49624 /* LaunchScreen.storyboard */; };
		206044012068AA7100E49624 /* ExploreEarlGreyTests.swift in Sources */ = {isa = PBXBuildFile; fileRef = 206044002068AA7100E49624 /* ExploreEarlGreyTests.swift */; };
		2060440C2068AA7100E49624 /* ExploreEarlGreyUITests.swift in Sources */ = {isa = PBXBuildFile; fileRef = 2060440B2068AA7100E49624 /* ExploreEarlGreyUITests.swift */; };
		2060441B2068CE7E00E49624 /* DocumentListingVC.swift in Sources */ = {isa = PBXBuildFile; fileRef = 2060441A2068CE7E00E49624 /* DocumentListingVC.swift */; };
		2060441F206901A100E49624 /* DocumentCell.swift in Sources */ = {isa = PBXBuildFile; fileRef = 2060441E206901A100E49624 /* DocumentCell.swift */; };
		20604421206903A000E49624 /* Document.swift in Sources */ = {isa = PBXBuildFile; fileRef = 20604420206903A000E49624 /* Document.swift */; };
		20604423206A0F2700E49624 /* story.png in Resources */ = {isa = PBXBuildFile; fileRef = 20604422206A0F2700E49624 /* story.png */; };
		20711A68206A5EBF008E25A1 /* PageVC.swift in Sources */ = {isa = PBXBuildFile; fileRef = 20711A67206A5EBF008E25A1 /* PageVC.swift */; };
		20711A6C206A6006008E25A1 /* demo.css in Resources */ = {isa = PBXBuildFile; fileRef = 20711A69206A6006008E25A1 /* demo.css */; };
		20711A6D206A6006008E25A1 /* index.html in Resources */ = {isa = PBXBuildFile; fileRef = 20711A6A206A6006008E25A1 /* index.html */; };
		20711A70206B48AE008E25A1 /* script.js in Resources */ = {isa = PBXBuildFile; fileRef = 20711A6F206B48AE008E25A1 /* script.js */; };
		22714269AF272061D0971A70 /* Pods_ExploreEarlGreyTests.framework in Frameworks */ = {isa = PBXBuildFile; fileRef = 4D508EDECE2BE91A31BB009F /* Pods_ExploreEarlGreyTests.framework */; };
		5AD0003300326D146EA00229 /* EarlGrey.framework in EarlGrey Copy Files */ = {isa = PBXBuildFile; fileRef = 18AC573ED02E0862E19A06EE /* EarlGrey.framework */; settings = {ATTRIBUTES = (CodeSignOnCopy, ); }; };
		622DA2656CCF0E4357CEE3D3 /* Pods_ExploreEarlGrey.framework in Frameworks */ = {isa = PBXBuildFile; fileRef = 14A26FF4A1FBAE70EC55D2C2 /* Pods_ExploreEarlGrey.framework */; };
		97A89C5D21A27307C948FE2F /* EarlGrey.swift in Sources */ = {isa = PBXBuildFile; fileRef = 319DAE1F78D427D6759CBED5 /* EarlGrey.swift */; };
		AE22B6E9BBE40C62FF2A1BE4 /* Pods_ExploreEarlGreyUITests.framework in Frameworks */ = {isa = PBXBuildFile; fileRef = 869A344D01180F3120EAAB08 /* Pods_ExploreEarlGreyUITests.framework */; };
		EEB9216E8924F220FC922B0D /* EarlGrey.framework in Frameworks */ = {isa = PBXBuildFile; fileRef = 18AC573ED02E0862E19A06EE /* EarlGrey.framework */; };
/* End PBXBuildFile section */

/* Begin PBXContainerItemProxy section */
		206043FD2068AA7100E49624 /* PBXContainerItemProxy */ = {
			isa = PBXContainerItemProxy;
			containerPortal = 206043E02068AA7100E49624 /* Project object */;
			proxyType = 1;
			remoteGlobalIDString = 206043E72068AA7100E49624;
			remoteInfo = ExploreEarlGrey;
		};
		206044082068AA7100E49624 /* PBXContainerItemProxy */ = {
			isa = PBXContainerItemProxy;
			containerPortal = 206043E02068AA7100E49624 /* Project object */;
			proxyType = 1;
			remoteGlobalIDString = 206043E72068AA7100E49624;
			remoteInfo = ExploreEarlGrey;
		};
/* End PBXContainerItemProxy section */

/* Begin PBXCopyFilesBuildPhase section */
		20711A08206A1BC2008E25A1 /* CopyFiles */ = {
			isa = PBXCopyFilesBuildPhase;
			buildActionMask = 2147483647;
			dstPath = "$(TEST_HOST)/..";
			dstSubfolderSpec = 0;
			files = (
			);
			runOnlyForDeploymentPostprocessing = 0;
		};
		F4C7124C067D294C0F35CB85 /* EarlGrey Copy Files */ = {
			isa = PBXCopyFilesBuildPhase;
			buildActionMask = 2147483647;
			dstPath = "$(TEST_HOST)/../";
			dstSubfolderSpec = 0;
			files = (
				5AD0003300326D146EA00229 /* EarlGrey.framework in EarlGrey Copy Files */,
			);
			name = "EarlGrey Copy Files";
			runOnlyForDeploymentPostprocessing = 0;
		};
/* End PBXCopyFilesBuildPhase section */

/* Begin PBXFileReference section */
		0ED92AEF7AA57AC3E04DC513 /* Pods-ExploreEarlGreyUITests.release.xcconfig */ = {isa = PBXFileReference; includeInIndex = 1; lastKnownFileType = text.xcconfig; name = "Pods-ExploreEarlGreyUITests.release.xcconfig"; path = "Pods/Target Support Files/Pods-ExploreEarlGreyUITests/Pods-ExploreEarlGreyUITests.release.xcconfig"; sourceTree = "<group>"; };
		14A26FF4A1FBAE70EC55D2C2 /* Pods_ExploreEarlGrey.framework */ = {isa = PBXFileReference; explicitFileType = wrapper.framework; includeInIndex = 0; path = Pods_ExploreEarlGrey.framework; sourceTree = BUILT_PRODUCTS_DIR; };
		18AC573ED02E0862E19A06EE /* EarlGrey.framework */ = {isa = PBXFileReference; lastKnownFileType = wrapper.framework; name = EarlGrey.framework; path = Pods/EarlGrey/EarlGrey/EarlGrey.framework; sourceTree = SOURCE_ROOT; };
		206043E82068AA7100E49624 /* ExploreEarlGrey.app */ = {isa = PBXFileReference; explicitFileType = wrapper.application; includeInIndex = 0; path = ExploreEarlGrey.app; sourceTree = BUILT_PRODUCTS_DIR; };
		206043EB2068AA7100E49624 /* AppDelegate.swift */ = {isa = PBXFileReference; lastKnownFileType = sourcecode.swift; path = AppDelegate.swift; sourceTree = "<group>"; };
		206043ED2068AA7100E49624 /* ViewController.swift */ = {isa = PBXFileReference; lastKnownFileType = sourcecode.swift; path = ViewController.swift; sourceTree = "<group>"; };
		206043F02068AA7100E49624 /* Base */ = {isa = PBXFileReference; lastKnownFileType = file.storyboard; name = Base; path = Base.lproj/Main.storyboard; sourceTree = "<group>"; };
		206043F22068AA7100E49624 /* Assets.xcassets */ = {isa = PBXFileReference; lastKnownFileType = folder.assetcatalog; path = Assets.xcassets; sourceTree = "<group>"; };
		206043F52068AA7100E49624 /* Base */ = {isa = PBXFileReference; lastKnownFileType = file.storyboard; name = Base; path = Base.lproj/LaunchScreen.storyboard; sourceTree = "<group>"; };
		206043F72068AA7100E49624 /* Info.plist */ = {isa = PBXFileReference; lastKnownFileType = text.plist.xml; path = Info.plist; sourceTree = "<group>"; };
		206043FC2068AA7100E49624 /* ExploreEarlGreyTests.xctest */ = {isa = PBXFileReference; explicitFileType = wrapper.cfbundle; includeInIndex = 0; path = ExploreEarlGreyTests.xctest; sourceTree = BUILT_PRODUCTS_DIR; };
		206044002068AA7100E49624 /* ExploreEarlGreyTests.swift */ = {isa = PBXFileReference; lastKnownFileType = sourcecode.swift; path = ExploreEarlGreyTests.swift; sourceTree = "<group>"; };
		206044022068AA7100E49624 /* Info.plist */ = {isa = PBXFileReference; lastKnownFileType = text.plist.xml; path = Info.plist; sourceTree = "<group>"; };
		206044072068AA7100E49624 /* ExploreEarlGreyUITests.xctest */ = {isa = PBXFileReference; explicitFileType = wrapper.cfbundle; includeInIndex = 0; path = ExploreEarlGreyUITests.xctest; sourceTree = BUILT_PRODUCTS_DIR; };
		2060440B2068AA7100E49624 /* ExploreEarlGreyUITests.swift */ = {isa = PBXFileReference; lastKnownFileType = sourcecode.swift; path = ExploreEarlGreyUITests.swift; sourceTree = "<group>"; };
		2060440D2068AA7100E49624 /* Info.plist */ = {isa = PBXFileReference; lastKnownFileType = text.plist.xml; path = Info.plist; sourceTree = "<group>"; };
		2060441A2068CE7E00E49624 /* DocumentListingVC.swift */ = {isa = PBXFileReference; lastKnownFileType = sourcecode.swift; path = DocumentListingVC.swift; sourceTree = "<group>"; };
		2060441E206901A100E49624 /* DocumentCell.swift */ = {isa = PBXFileReference; lastKnownFileType = sourcecode.swift; path = DocumentCell.swift; sourceTree = "<group>"; };
		20604420206903A000E49624 /* Document.swift */ = {isa = PBXFileReference; lastKnownFileType = sourcecode.swift; path = Document.swift; sourceTree = "<group>"; };
		20604422206A0F2700E49624 /* story.png */ = {isa = PBXFileReference; lastKnownFileType = image.png; path = story.png; sourceTree = "<group>"; };
		20604426206A186B00E49624 /* EarlGrey.framework */ = {isa = PBXFileReference; explicitFileType = wrapper.framework; path = EarlGrey.framework; sourceTree = BUILT_PRODUCTS_DIR; };
		20711A67206A5EBF008E25A1 /* PageVC.swift */ = {isa = PBXFileReference; lastKnownFileType = sourcecode.swift; path = PageVC.swift; sourceTree = "<group>"; };
		20711A69206A6006008E25A1 /* demo.css */ = {isa = PBXFileReference; fileEncoding = 4; lastKnownFileType = text.css; path = demo.css; sourceTree = "<group>"; };
		20711A6A206A6006008E25A1 /* index.html */ = {isa = PBXFileReference; fileEncoding = 4; lastKnownFileType = text.html; path = index.html; sourceTree = "<group>"; };
		20711A6F206B48AE008E25A1 /* script.js */ = {isa = PBXFileReference; fileEncoding = 4; lastKnownFileType = sourcecode.javascript; path = script.js; sourceTree = "<group>"; };
		319DAE1F78D427D6759CBED5 /* EarlGrey.swift */ = {isa = PBXFileReference; includeInIndex = 1; lastKnownFileType = sourcecode.swift; path = EarlGrey.swift; sourceTree = "<group>"; };
		46103136570A694F2141C8ED /* Pods-ExploreEarlGrey.release.xcconfig */ = {isa = PBXFileReference; includeInIndex = 1; lastKnownFileType = text.xcconfig; name = "Pods-ExploreEarlGrey.release.xcconfig"; path = "Pods/Target Support Files/Pods-ExploreEarlGrey/Pods-ExploreEarlGrey.release.xcconfig"; sourceTree = "<group>"; };
		4AA75D969CABC90D73045484 /* Pods-ExploreEarlGrey.debug.xcconfig */ = {isa = PBXFileReference; includeInIndex = 1; lastKnownFileType = text.xcconfig; name = "Pods-ExploreEarlGrey.debug.xcconfig"; path = "Pods/Target Support Files/Pods-ExploreEarlGrey/Pods-ExploreEarlGrey.debug.xcconfig"; sourceTree = "<group>"; };
		4D508EDECE2BE91A31BB009F /* Pods_ExploreEarlGreyTests.framework */ = {isa = PBXFileReference; explicitFileType = wrapper.framework; includeInIndex = 0; path = Pods_ExploreEarlGreyTests.framework; sourceTree = BUILT_PRODUCTS_DIR; };
		6C9FD0823ABC93C539697CDA /* Pods-ExploreEarlGreyTests.debug.xcconfig */ = {isa = PBXFileReference; includeInIndex = 1; lastKnownFileType = text.xcconfig; name = "Pods-ExploreEarlGreyTests.debug.xcconfig"; path = "Pods/Target Support Files/Pods-ExploreEarlGreyTests/Pods-ExploreEarlGreyTests.debug.xcconfig"; sourceTree = "<group>"; };
		869A344D01180F3120EAAB08 /* Pods_ExploreEarlGreyUITests.framework */ = {isa = PBXFileReference; explicitFileType = wrapper.framework; includeInIndex = 0; path = Pods_ExploreEarlGreyUITests.framework; sourceTree = BUILT_PRODUCTS_DIR; };
		B11477EBE2DF79A1EF4390C9 /* Pods-ExploreEarlGreyUITests.debug.xcconfig */ = {isa = PBXFileReference; includeInIndex = 1; lastKnownFileType = text.xcconfig; name = "Pods-ExploreEarlGreyUITests.debug.xcconfig"; path = "Pods/Target Support Files/Pods-ExploreEarlGreyUITests/Pods-ExploreEarlGreyUITests.debug.xcconfig"; sourceTree = "<group>"; };
		FC5BC362163B1DA86653627C /* Pods-ExploreEarlGreyTests.release.xcconfig */ = {isa = PBXFileReference; includeInIndex = 1; lastKnownFileType = text.xcconfig; name = "Pods-ExploreEarlGreyTests.release.xcconfig"; path = "Pods/Target Support Files/Pods-ExploreEarlGreyTests/Pods-ExploreEarlGreyTests.release.xcconfig"; sourceTree = "<group>"; };
/* End PBXFileReference section */

/* Begin PBXFrameworksBuildPhase section */
		206043E52068AA7100E49624 /* Frameworks */ = {
			isa = PBXFrameworksBuildPhase;
			buildActionMask = 2147483647;
			files = (
				622DA2656CCF0E4357CEE3D3 /* Pods_ExploreEarlGrey.framework in Frameworks */,
			);
			runOnlyForDeploymentPostprocessing = 0;
		};
		206043F92068AA7100E49624 /* Frameworks */ = {
			isa = PBXFrameworksBuildPhase;
			buildActionMask = 2147483647;
			files = (
				EEB9216E8924F220FC922B0D /* EarlGrey.framework in Frameworks */,
				22714269AF272061D0971A70 /* Pods_ExploreEarlGreyTests.framework in Frameworks */,
			);
			runOnlyForDeploymentPostprocessing = 0;
		};
		206044042068AA7100E49624 /* Frameworks */ = {
			isa = PBXFrameworksBuildPhase;
			buildActionMask = 2147483647;
			files = (
				AE22B6E9BBE40C62FF2A1BE4 /* Pods_ExploreEarlGreyUITests.framework in Frameworks */,
			);
			runOnlyForDeploymentPostprocessing = 0;
		};
/* End PBXFrameworksBuildPhase section */

/* Begin PBXGroup section */
		206043DF2068AA7100E49624 = {
			isa = PBXGroup;
			children = (
				206044192068AB6F00E49624 /* Webapp-resources */,
				206043EA2068AA7100E49624 /* ExploreEarlGrey */,
				206043FF2068AA7100E49624 /* ExploreEarlGreyTests */,
				2060440A2068AA7100E49624 /* ExploreEarlGreyUITests */,
				206043E92068AA7100E49624 /* Products */,
				20604424206A186B00E49624 /* Frameworks */,
				4C76187320AC9AF98387C6CE /* Pods */,
			);
			sourceTree = "<group>";
		};
		206043E92068AA7100E49624 /* Products */ = {
			isa = PBXGroup;
			children = (
				206043E82068AA7100E49624 /* ExploreEarlGrey.app */,
				206043FC2068AA7100E49624 /* ExploreEarlGreyTests.xctest */,
				206044072068AA7100E49624 /* ExploreEarlGreyUITests.xctest */,
			);
			name = Products;
			sourceTree = "<group>";
		};
		206043EA2068AA7100E49624 /* ExploreEarlGrey */ = {
			isa = PBXGroup;
			children = (
				206043EB2068AA7100E49624 /* AppDelegate.swift */,
				206043ED2068AA7100E49624 /* ViewController.swift */,
				206043EF2068AA7100E49624 /* Main.storyboard */,
				206043F22068AA7100E49624 /* Assets.xcassets */,
				206043F42068AA7100E49624 /* LaunchScreen.storyboard */,
				206043F72068AA7100E49624 /* Info.plist */,
				2060441A2068CE7E00E49624 /* DocumentListingVC.swift */,
				2060441E206901A100E49624 /* DocumentCell.swift */,
				20604420206903A000E49624 /* Document.swift */,
				20711A67206A5EBF008E25A1 /* PageVC.swift */,
			);
			path = ExploreEarlGrey;
			sourceTree = "<group>";
		};
		206043FF2068AA7100E49624 /* ExploreEarlGreyTests */ = {
			isa = PBXGroup;
			children = (
				206044002068AA7100E49624 /* ExploreEarlGreyTests.swift */,
				206044022068AA7100E49624 /* Info.plist */,
				319DAE1F78D427D6759CBED5 /* EarlGrey.swift */,
			);
			path = ExploreEarlGreyTests;
			sourceTree = "<group>";
		};
		2060440A2068AA7100E49624 /* ExploreEarlGreyUITests */ = {
			isa = PBXGroup;
			children = (
				2060440B2068AA7100E49624 /* ExploreEarlGreyUITests.swift */,
				2060440D2068AA7100E49624 /* Info.plist */,
			);
			path = ExploreEarlGreyUITests;
			sourceTree = "<group>";
		};
		206044192068AB6F00E49624 /* Webapp-resources */ = {
			isa = PBXGroup;
			children = (
				20711A6F206B48AE008E25A1 /* script.js */,
				20711A69206A6006008E25A1 /* demo.css */,
				20711A6A206A6006008E25A1 /* index.html */,
				20604422206A0F2700E49624 /* story.png */,
			);
			path = "Webapp-resources";
			sourceTree = "<group>";
		};
		20604424206A186B00E49624 /* Frameworks */ = {
			isa = PBXGroup;
			children = (
				20604426206A186B00E49624 /* EarlGrey.framework */,
				18AC573ED02E0862E19A06EE /* EarlGrey.framework */,
				14A26FF4A1FBAE70EC55D2C2 /* Pods_ExploreEarlGrey.framework */,
				4D508EDECE2BE91A31BB009F /* Pods_ExploreEarlGreyTests.framework */,
				869A344D01180F3120EAAB08 /* Pods_ExploreEarlGreyUITests.framework */,
			);
			name = Frameworks;
			sourceTree = "<group>";
		};
		4C76187320AC9AF98387C6CE /* Pods */ = {
			isa = PBXGroup;
			children = (
				4AA75D969CABC90D73045484 /* Pods-ExploreEarlGrey.debug.xcconfig */,
				46103136570A694F2141C8ED /* Pods-ExploreEarlGrey.release.xcconfig */,
				6C9FD0823ABC93C539697CDA /* Pods-ExploreEarlGreyTests.debug.xcconfig */,
				FC5BC362163B1DA86653627C /* Pods-ExploreEarlGreyTests.release.xcconfig */,
				B11477EBE2DF79A1EF4390C9 /* Pods-ExploreEarlGreyUITests.debug.xcconfig */,
				0ED92AEF7AA57AC3E04DC513 /* Pods-ExploreEarlGreyUITests.release.xcconfig */,
			);
			name = Pods;
			sourceTree = "<group>";
		};
/* End PBXGroup section */

/* Begin PBXNativeTarget section */
		206043E72068AA7100E49624 /* ExploreEarlGrey */ = {
			isa = PBXNativeTarget;
			buildConfigurationList = 206044102068AA7100E49624 /* Build configuration list for PBXNativeTarget "ExploreEarlGrey" */;
			buildPhases = (
				8A0E6F4EF1A01D7614763769 /* [CP] Check Pods Manifest.lock */,
				206043E42068AA7100E49624 /* Sources */,
				206043E52068AA7100E49624 /* Frameworks */,
				206043E62068AA7100E49624 /* Resources */,
				3E0C0C4C93F065786B0DDEF3 /* [CP] Embed Pods Frameworks */,
				9DFE3AA6D9E647557D246E4F /* [CP] Copy Pods Resources */,
			);
			buildRules = (
			);
			dependencies = (
			);
			name = ExploreEarlGrey;
			productName = ExploreEarlGrey;
			productReference = 206043E82068AA7100E49624 /* ExploreEarlGrey.app */;
			productType = "com.apple.product-type.application";
		};
		206043FB2068AA7100E49624 /* ExploreEarlGreyTests */ = {
			isa = PBXNativeTarget;
			buildConfigurationList = 206044132068AA7100E49624 /* Build configuration list for PBXNativeTarget "ExploreEarlGreyTests" */;
			buildPhases = (
				DD4D64EC7A32C5BF1BFE7879 /* [CP] Check Pods Manifest.lock */,
				206043F82068AA7100E49624 /* Sources */,
				206043F92068AA7100E49624 /* Frameworks */,
				206043FA2068AA7100E49624 /* Resources */,
				20711A08206A1BC2008E25A1 /* CopyFiles */,
				F4C7124C067D294C0F35CB85 /* EarlGrey Copy Files */,
				5B1B7F98264EC66F806CA548 /* [CP] Embed Pods Frameworks */,
				9C991B62720A6665A15BC5CC /* [CP] Copy Pods Resources */,
			);
			buildRules = (
			);
			dependencies = (
				206043FE2068AA7100E49624 /* PBXTargetDependency */,
			);
			name = ExploreEarlGreyTests;
			productName = ExploreEarlGreyTests;
			productReference = 206043FC2068AA7100E49624 /* ExploreEarlGreyTests.xctest */;
			productType = "com.apple.product-type.bundle.unit-test";
		};
		206044062068AA7100E49624 /* ExploreEarlGreyUITests */ = {
			isa = PBXNativeTarget;
			buildConfigurationList = 206044162068AA7100E49624 /* Build configuration list for PBXNativeTarget "ExploreEarlGreyUITests" */;
			buildPhases = (
				BA200D8DA6283361CECC43C4 /* [CP] Check Pods Manifest.lock */,
				206044032068AA7100E49624 /* Sources */,
				206044042068AA7100E49624 /* Frameworks */,
				206044052068AA7100E49624 /* Resources */,
				C19B66C77B3CAF21DBCD1067 /* [CP] Embed Pods Frameworks */,
				3CF0699F46BDC0743F24CE20 /* [CP] Copy Pods Resources */,
			);
			buildRules = (
			);
			dependencies = (
				206044092068AA7100E49624 /* PBXTargetDependency */,
			);
			name = ExploreEarlGreyUITests;
			productName = ExploreEarlGreyUITests;
			productReference = 206044072068AA7100E49624 /* ExploreEarlGreyUITests.xctest */;
			productType = "com.apple.product-type.bundle.ui-testing";
		};
/* End PBXNativeTarget section */

/* Begin PBXProject section */
		206043E02068AA7100E49624 /* Project object */ = {
			isa = PBXProject;
			attributes = {
				LastSwiftUpdateCheck = 0920;
				LastUpgradeCheck = 0920;
				ORGANIZATIONNAME = "Raghu, Reshma L";
				TargetAttributes = {
					206043E72068AA7100E49624 = {
						CreatedOnToolsVersion = 9.2;
						ProvisioningStyle = Automatic;
					};
					206043FB2068AA7100E49624 = {
						CreatedOnToolsVersion = 9.2;
						ProvisioningStyle = Automatic;
						TestTargetID = 206043E72068AA7100E49624;
					};
					206044062068AA7100E49624 = {
						CreatedOnToolsVersion = 9.2;
						ProvisioningStyle = Automatic;
						TestTargetID = 206043E72068AA7100E49624;
					};
				};
			};
			buildConfigurationList = 206043E32068AA7100E49624 /* Build configuration list for PBXProject "ExploreEarlGrey" */;
			compatibilityVersion = "Xcode 8.0";
			developmentRegion = en;
			hasScannedForEncodings = 0;
			knownRegions = (
				en,
				Base,
			);
			mainGroup = 206043DF2068AA7100E49624;
			productRefGroup = 206043E92068AA7100E49624 /* Products */;
			projectDirPath = "";
			projectRoot = "";
			targets = (
				206043E72068AA7100E49624 /* ExploreEarlGrey */,
				206043FB2068AA7100E49624 /* ExploreEarlGreyTests */,
				206044062068AA7100E49624 /* ExploreEarlGreyUITests */,
			);
		};
/* End PBXProject section */

/* Begin PBXResourcesBuildPhase section */
		206043E62068AA7100E49624 /* Resources */ = {
			isa = PBXResourcesBuildPhase;
			buildActionMask = 2147483647;
			files = (
				206043F62068AA7100E49624 /* LaunchScreen.storyboard in Resources */,
				20711A70206B48AE008E25A1 /* script.js in Resources */,
				20711A6C206A6006008E25A1 /* demo.css in Resources */,
				20604423206A0F2700E49624 /* story.png in Resources */,
				20711A6D206A6006008E25A1 /* index.html in Resources */,
				206043F32068AA7100E49624 /* Assets.xcassets in Resources */,
				206043F12068AA7100E49624 /* Main.storyboard in Resources */,
			);
			runOnlyForDeploymentPostprocessing = 0;
		};
		206043FA2068AA7100E49624 /* Resources */ = {
			isa = PBXResourcesBuildPhase;
			buildActionMask = 2147483647;
			files = (
			);
			runOnlyForDeploymentPostprocessing = 0;
		};
		206044052068AA7100E49624 /* Resources */ = {
			isa = PBXResourcesBuildPhase;
			buildActionMask = 2147483647;
			files = (
			);
			runOnlyForDeploymentPostprocessing = 0;
		};
/* End PBXResourcesBuildPhase section */

/* Begin PBXShellScriptBuildPhase section */
		3CF0699F46BDC0743F24CE20 /* [CP] Copy Pods Resources */ = {
			isa = PBXShellScriptBuildPhase;
			buildActionMask = 2147483647;
			files = (
			);
			inputPaths = (
			);
			name = "[CP] Copy Pods Resources";
			outputPaths = (
			);
			runOnlyForDeploymentPostprocessing = 0;
			shellPath = /bin/sh;
			shellScript = "\"${SRCROOT}/Pods/Target Support Files/Pods-ExploreEarlGreyUITests/Pods-ExploreEarlGreyUITests-resources.sh\"\n";
			showEnvVarsInLog = 0;
		};
		3E0C0C4C93F065786B0DDEF3 /* [CP] Embed Pods Frameworks */ = {
			isa = PBXShellScriptBuildPhase;
			buildActionMask = 2147483647;
			files = (
			);
			inputPaths = (
			);
			name = "[CP] Embed Pods Frameworks";
			outputPaths = (
			);
			runOnlyForDeploymentPostprocessing = 0;
			shellPath = /bin/sh;
			shellScript = "\"${SRCROOT}/Pods/Target Support Files/Pods-ExploreEarlGrey/Pods-ExploreEarlGrey-frameworks.sh\"\n";
			showEnvVarsInLog = 0;
		};
		5B1B7F98264EC66F806CA548 /* [CP] Embed Pods Frameworks */ = {
			isa = PBXShellScriptBuildPhase;
			buildActionMask = 2147483647;
			files = (
			);
			inputPaths = (
				"${SRCROOT}/Pods/Target Support Files/Pods-ExploreEarlGreyTests/Pods-ExploreEarlGreyTests-frameworks.sh",
				"${PODS_ROOT}/EarlGrey/EarlGrey/EarlGrey.framework",
			);
			name = "[CP] Embed Pods Frameworks";
			outputPaths = (
				"${TARGET_BUILD_DIR}/${FRAMEWORKS_FOLDER_PATH}/EarlGrey.framework",
			);
			runOnlyForDeploymentPostprocessing = 0;
			shellPath = /bin/sh;
			shellScript = "\"${SRCROOT}/Pods/Target Support Files/Pods-ExploreEarlGreyTests/Pods-ExploreEarlGreyTests-frameworks.sh\"\n";
			showEnvVarsInLog = 0;
		};
		8A0E6F4EF1A01D7614763769 /* [CP] Check Pods Manifest.lock */ = {
			isa = PBXShellScriptBuildPhase;
			buildActionMask = 2147483647;
			files = (
			);
			inputPaths = (
				"${PODS_PODFILE_DIR_PATH}/Podfile.lock",
				"${PODS_ROOT}/Manifest.lock",
			);
			name = "[CP] Check Pods Manifest.lock";
			outputPaths = (
				"$(DERIVED_FILE_DIR)/Pods-ExploreEarlGrey-checkManifestLockResult.txt",
			);
			runOnlyForDeploymentPostprocessing = 0;
			shellPath = /bin/sh;
			shellScript = "diff \"${PODS_PODFILE_DIR_PATH}/Podfile.lock\" \"${PODS_ROOT}/Manifest.lock\" > /dev/null\nif [ $? != 0 ] ; then\n    # print error to STDERR\n    echo \"error: The sandbox is not in sync with the Podfile.lock. Run 'pod install' or update your CocoaPods installation.\" >&2\n    exit 1\nfi\n# This output is used by Xcode 'outputs' to avoid re-running this script phase.\necho \"SUCCESS\" > \"${SCRIPT_OUTPUT_FILE_0}\"\n";
			showEnvVarsInLog = 0;
		};
		9C991B62720A6665A15BC5CC /* [CP] Copy Pods Resources */ = {
			isa = PBXShellScriptBuildPhase;
			buildActionMask = 2147483647;
			files = (
			);
			inputPaths = (
			);
			name = "[CP] Copy Pods Resources";
			outputPaths = (
			);
			runOnlyForDeploymentPostprocessing = 0;
			shellPath = /bin/sh;
			shellScript = "\"${SRCROOT}/Pods/Target Support Files/Pods-ExploreEarlGreyTests/Pods-ExploreEarlGreyTests-resources.sh\"\n";
			showEnvVarsInLog = 0;
		};
		9DFE3AA6D9E647557D246E4F /* [CP] Copy Pods Resources */ = {
			isa = PBXShellScriptBuildPhase;
			buildActionMask = 2147483647;
			files = (
			);
			inputPaths = (
			);
			name = "[CP] Copy Pods Resources";
			outputPaths = (
			);
			runOnlyForDeploymentPostprocessing = 0;
			shellPath = /bin/sh;
			shellScript = "\"${SRCROOT}/Pods/Target Support Files/Pods-ExploreEarlGrey/Pods-ExploreEarlGrey-resources.sh\"\n";
			showEnvVarsInLog = 0;
		};
		BA200D8DA6283361CECC43C4 /* [CP] Check Pods Manifest.lock */ = {
			isa = PBXShellScriptBuildPhase;
			buildActionMask = 2147483647;
			files = (
			);
			inputPaths = (
				"${PODS_PODFILE_DIR_PATH}/Podfile.lock",
				"${PODS_ROOT}/Manifest.lock",
			);
			name = "[CP] Check Pods Manifest.lock";
			outputPaths = (
				"$(DERIVED_FILE_DIR)/Pods-ExploreEarlGreyUITests-checkManifestLockResult.txt",
			);
			runOnlyForDeploymentPostprocessing = 0;
			shellPath = /bin/sh;
			shellScript = "diff \"${PODS_PODFILE_DIR_PATH}/Podfile.lock\" \"${PODS_ROOT}/Manifest.lock\" > /dev/null\nif [ $? != 0 ] ; then\n    # print error to STDERR\n    echo \"error: The sandbox is not in sync with the Podfile.lock. Run 'pod install' or update your CocoaPods installation.\" >&2\n    exit 1\nfi\n# This output is used by Xcode 'outputs' to avoid re-running this script phase.\necho \"SUCCESS\" > \"${SCRIPT_OUTPUT_FILE_0}\"\n";
			showEnvVarsInLog = 0;
		};
		C19B66C77B3CAF21DBCD1067 /* [CP] Embed Pods Frameworks */ = {
			isa = PBXShellScriptBuildPhase;
			buildActionMask = 2147483647;
			files = (
			);
			inputPaths = (
			);
			name = "[CP] Embed Pods Frameworks";
			outputPaths = (
			);
			runOnlyForDeploymentPostprocessing = 0;
			shellPath = /bin/sh;
			shellScript = "\"${SRCROOT}/Pods/Target Support Files/Pods-ExploreEarlGreyUITests/Pods-ExploreEarlGreyUITests-frameworks.sh\"\n";
			showEnvVarsInLog = 0;
		};
		DD4D64EC7A32C5BF1BFE7879 /* [CP] Check Pods Manifest.lock */ = {
			isa = PBXShellScriptBuildPhase;
			buildActionMask = 2147483647;
			files = (
			);
			inputPaths = (
				"${PODS_PODFILE_DIR_PATH}/Podfile.lock",
				"${PODS_ROOT}/Manifest.lock",
			);
			name = "[CP] Check Pods Manifest.lock";
			outputPaths = (
				"$(DERIVED_FILE_DIR)/Pods-ExploreEarlGreyTests-checkManifestLockResult.txt",
			);
			runOnlyForDeploymentPostprocessing = 0;
			shellPath = /bin/sh;
			shellScript = "diff \"${PODS_PODFILE_DIR_PATH}/Podfile.lock\" \"${PODS_ROOT}/Manifest.lock\" > /dev/null\nif [ $? != 0 ] ; then\n    # print error to STDERR\n    echo \"error: The sandbox is not in sync with the Podfile.lock. Run 'pod install' or update your CocoaPods installation.\" >&2\n    exit 1\nfi\n# This output is used by Xcode 'outputs' to avoid re-running this script phase.\necho \"SUCCESS\" > \"${SCRIPT_OUTPUT_FILE_0}\"\n";
			showEnvVarsInLog = 0;
		};
/* End PBXShellScriptBuildPhase section */

/* Begin PBXSourcesBuildPhase section */
		206043E42068AA7100E49624 /* Sources */ = {
			isa = PBXSourcesBuildPhase;
			buildActionMask = 2147483647;
			files = (
				2060441F206901A100E49624 /* DocumentCell.swift in Sources */,
				20711A68206A5EBF008E25A1 /* PageVC.swift in Sources */,
				2060441B2068CE7E00E49624 /* DocumentListingVC.swift in Sources */,
				206043EE2068AA7100E49624 /* ViewController.swift in Sources */,
				206043EC2068AA7100E49624 /* AppDelegate.swift in Sources */,
				20604421206903A000E49624 /* Document.swift in Sources */,
			);
			runOnlyForDeploymentPostprocessing = 0;
		};
		206043F82068AA7100E49624 /* Sources */ = {
			isa = PBXSourcesBuildPhase;
			buildActionMask = 2147483647;
			files = (
				206044012068AA7100E49624 /* ExploreEarlGreyTests.swift in Sources */,
				97A89C5D21A27307C948FE2F /* EarlGrey.swift in Sources */,
			);
			runOnlyForDeploymentPostprocessing = 0;
		};
		206044032068AA7100E49624 /* Sources */ = {
			isa = PBXSourcesBuildPhase;
			buildActionMask = 2147483647;
			files = (
				2060440C2068AA7100E49624 /* ExploreEarlGreyUITests.swift in Sources */,
			);
			runOnlyForDeploymentPostprocessing = 0;
		};
/* End PBXSourcesBuildPhase section */

/* Begin PBXTargetDependency section */
		206043FE2068AA7100E49624 /* PBXTargetDependency */ = {
			isa = PBXTargetDependency;
			target = 206043E72068AA7100E49624 /* ExploreEarlGrey */;
			targetProxy = 206043FD2068AA7100E49624 /* PBXContainerItemProxy */;
		};
		206044092068AA7100E49624 /* PBXTargetDependency */ = {
			isa = PBXTargetDependency;
			target = 206043E72068AA7100E49624 /* ExploreEarlGrey */;
			targetProxy = 206044082068AA7100E49624 /* PBXContainerItemProxy */;
		};
/* End PBXTargetDependency section */

/* Begin PBXVariantGroup section */
		206043EF2068AA7100E49624 /* Main.storyboard */ = {
			isa = PBXVariantGroup;
			children = (
				206043F02068AA7100E49624 /* Base */,
			);
			name = Main.storyboard;
			sourceTree = "<group>";
		};
		206043F42068AA7100E49624 /* LaunchScreen.storyboard */ = {
			isa = PBXVariantGroup;
			children = (
				206043F52068AA7100E49624 /* Base */,
			);
			name = LaunchScreen.storyboard;
			sourceTree = "<group>";
		};
/* End PBXVariantGroup section */

/* Begin XCBuildConfiguration section */
		2060440E2068AA7100E49624 /* Debug */ = {
			isa = XCBuildConfiguration;
			buildSettings = {
				ALWAYS_SEARCH_USER_PATHS = NO;
				CLANG_ANALYZER_NONNULL = YES;
				CLANG_ANALYZER_NUMBER_OBJECT_CONVERSION = YES_AGGRESSIVE;
				CLANG_CXX_LANGUAGE_STANDARD = "gnu++14";
				CLANG_CXX_LIBRARY = "libc++";
				CLANG_ENABLE_MODULES = YES;
				CLANG_ENABLE_OBJC_ARC = YES;
				CLANG_WARN_BLOCK_CAPTURE_AUTORELEASING = YES;
				CLANG_WARN_BOOL_CONVERSION = YES;
				CLANG_WARN_COMMA = YES;
				CLANG_WARN_CONSTANT_CONVERSION = YES;
				CLANG_WARN_DIRECT_OBJC_ISA_USAGE = YES_ERROR;
				CLANG_WARN_DOCUMENTATION_COMMENTS = YES;
				CLANG_WARN_EMPTY_BODY = YES;
				CLANG_WARN_ENUM_CONVERSION = YES;
				CLANG_WARN_INFINITE_RECURSION = YES;
				CLANG_WARN_INT_CONVERSION = YES;
				CLANG_WARN_NON_LITERAL_NULL_CONVERSION = YES;
				CLANG_WARN_OBJC_LITERAL_CONVERSION = YES;
				CLANG_WARN_OBJC_ROOT_CLASS = YES_ERROR;
				CLANG_WARN_RANGE_LOOP_ANALYSIS = YES;
				CLANG_WARN_STRICT_PROTOTYPES = YES;
				CLANG_WARN_SUSPICIOUS_MOVE = YES;
				CLANG_WARN_UNGUARDED_AVAILABILITY = YES_AGGRESSIVE;
				CLANG_WARN_UNREACHABLE_CODE = YES;
				CLANG_WARN__DUPLICATE_METHOD_MATCH = YES;
				CODE_SIGN_IDENTITY = "iPhone Developer";
				COPY_PHASE_STRIP = NO;
				DEBUG_INFORMATION_FORMAT = dwarf;
				ENABLE_STRICT_OBJC_MSGSEND = YES;
				ENABLE_TESTABILITY = YES;
				GCC_C_LANGUAGE_STANDARD = gnu11;
				GCC_DYNAMIC_NO_PIC = NO;
				GCC_NO_COMMON_BLOCKS = YES;
				GCC_OPTIMIZATION_LEVEL = 0;
				GCC_PREPROCESSOR_DEFINITIONS = (
					"DEBUG=1",
					"$(inherited)",
				);
				GCC_WARN_64_TO_32_BIT_CONVERSION = YES;
				GCC_WARN_ABOUT_RETURN_TYPE = YES_ERROR;
				GCC_WARN_UNDECLARED_SELECTOR = YES;
				GCC_WARN_UNINITIALIZED_AUTOS = YES_AGGRESSIVE;
				GCC_WARN_UNUSED_FUNCTION = YES;
				GCC_WARN_UNUSED_VARIABLE = YES;
				IPHONEOS_DEPLOYMENT_TARGET = 11.2;
				MTL_ENABLE_DEBUG_INFO = YES;
				ONLY_ACTIVE_ARCH = YES;
				SDKROOT = iphoneos;
				SWIFT_ACTIVE_COMPILATION_CONDITIONS = DEBUG;
				SWIFT_OPTIMIZATION_LEVEL = "-Onone";
			};
			name = Debug;
		};
		2060440F2068AA7100E49624 /* Release */ = {
			isa = XCBuildConfiguration;
			buildSettings = {
				ALWAYS_SEARCH_USER_PATHS = NO;
				CLANG_ANALYZER_NONNULL = YES;
				CLANG_ANALYZER_NUMBER_OBJECT_CONVERSION = YES_AGGRESSIVE;
				CLANG_CXX_LANGUAGE_STANDARD = "gnu++14";
				CLANG_CXX_LIBRARY = "libc++";
				CLANG_ENABLE_MODULES = YES;
				CLANG_ENABLE_OBJC_ARC = YES;
				CLANG_WARN_BLOCK_CAPTURE_AUTORELEASING = YES;
				CLANG_WARN_BOOL_CONVERSION = YES;
				CLANG_WARN_COMMA = YES;
				CLANG_WARN_CONSTANT_CONVERSION = YES;
				CLANG_WARN_DIRECT_OBJC_ISA_USAGE = YES_ERROR;
				CLANG_WARN_DOCUMENTATION_COMMENTS = YES;
				CLANG_WARN_EMPTY_BODY = YES;
				CLANG_WARN_ENUM_CONVERSION = YES;
				CLANG_WARN_INFINITE_RECURSION = YES;
				CLANG_WARN_INT_CONVERSION = YES;
				CLANG_WARN_NON_LITERAL_NULL_CONVERSION = YES;
				CLANG_WARN_OBJC_LITERAL_CONVERSION = YES;
				CLANG_WARN_OBJC_ROOT_CLASS = YES_ERROR;
				CLANG_WARN_RANGE_LOOP_ANALYSIS = YES;
				CLANG_WARN_STRICT_PROTOTYPES = YES;
				CLANG_WARN_SUSPICIOUS_MOVE = YES;
				CLANG_WARN_UNGUARDED_AVAILABILITY = YES_AGGRESSIVE;
				CLANG_WARN_UNREACHABLE_CODE = YES;
				CLANG_WARN__DUPLICATE_METHOD_MATCH = YES;
				CODE_SIGN_IDENTITY = "iPhone Developer";
				COPY_PHASE_STRIP = NO;
				DEBUG_INFORMATION_FORMAT = "dwarf-with-dsym";
				ENABLE_NS_ASSERTIONS = NO;
				ENABLE_STRICT_OBJC_MSGSEND = YES;
				GCC_C_LANGUAGE_STANDARD = gnu11;
				GCC_NO_COMMON_BLOCKS = YES;
				GCC_WARN_64_TO_32_BIT_CONVERSION = YES;
				GCC_WARN_ABOUT_RETURN_TYPE = YES_ERROR;
				GCC_WARN_UNDECLARED_SELECTOR = YES;
				GCC_WARN_UNINITIALIZED_AUTOS = YES_AGGRESSIVE;
				GCC_WARN_UNUSED_FUNCTION = YES;
				GCC_WARN_UNUSED_VARIABLE = YES;
				IPHONEOS_DEPLOYMENT_TARGET = 11.2;
				MTL_ENABLE_DEBUG_INFO = NO;
				SDKROOT = iphoneos;
				SWIFT_OPTIMIZATION_LEVEL = "-Owholemodule";
				VALIDATE_PRODUCT = YES;
			};
			name = Release;
		};
		206044112068AA7100E49624 /* Debug */ = {
			isa = XCBuildConfiguration;
			baseConfigurationReference = 4AA75D969CABC90D73045484 /* Pods-ExploreEarlGrey.debug.xcconfig */;
			buildSettings = {
				ASSETCATALOG_COMPILER_APPICON_NAME = AppIcon;
				CODE_SIGN_STYLE = Automatic;
				INFOPLIST_FILE = ExploreEarlGrey/Info.plist;
				LD_RUNPATH_SEARCH_PATHS = "$(inherited) @executable_path/Frameworks";
				PRODUCT_BUNDLE_IDENTIFIER = com.apps.ExploreEarlGrey;
				PRODUCT_NAME = "$(TARGET_NAME)";
				SWIFT_VERSION = 4.0;
				TARGETED_DEVICE_FAMILY = "1,2";
			};
			name = Debug;
		};
		206044122068AA7100E49624 /* Release */ = {
			isa = XCBuildConfiguration;
			baseConfigurationReference = 46103136570A694F2141C8ED /* Pods-ExploreEarlGrey.release.xcconfig */;
			buildSettings = {
				ASSETCATALOG_COMPILER_APPICON_NAME = AppIcon;
				CODE_SIGN_STYLE = Automatic;
				INFOPLIST_FILE = ExploreEarlGrey/Info.plist;
				LD_RUNPATH_SEARCH_PATHS = "$(inherited) @executable_path/Frameworks";
				PRODUCT_BUNDLE_IDENTIFIER = com.apps.ExploreEarlGrey;
				PRODUCT_NAME = "$(TARGET_NAME)";
				SWIFT_VERSION = 4.0;
				TARGETED_DEVICE_FAMILY = "1,2";
			};
			name = Release;
		};
		206044142068AA7100E49624 /* Debug */ = {
			isa = XCBuildConfiguration;
			baseConfigurationReference = 6C9FD0823ABC93C539697CDA /* Pods-ExploreEarlGreyTests.debug.xcconfig */;
			buildSettings = {
				ALWAYS_EMBED_SWIFT_STANDARD_LIBRARIES = YES;
				BUNDLE_LOADER = "$(TEST_HOST)";
				CODE_SIGN_STYLE = Automatic;
				INFOPLIST_FILE = ExploreEarlGreyTests/Info.plist;
				LD_RUNPATH_SEARCH_PATHS = "$(inherited) @executable_path/Frameworks @loader_path/Frameworks";
				PRODUCT_BUNDLE_IDENTIFIER = com.apps.ExploreEarlGreyTests;
				PRODUCT_NAME = "$(TARGET_NAME)";
				SWIFT_VERSION = 4.0;
				TARGETED_DEVICE_FAMILY = "1,2";
				TEST_HOST = "$(BUILT_PRODUCTS_DIR)/ExploreEarlGrey.app/ExploreEarlGrey";
			};
			name = Debug;
		};
		206044152068AA7100E49624 /* Release */ = {
			isa = XCBuildConfiguration;
			baseConfigurationReference = FC5BC362163B1DA86653627C /* Pods-ExploreEarlGreyTests.release.xcconfig */;
			buildSettings = {
				ALWAYS_EMBED_SWIFT_STANDARD_LIBRARIES = YES;
				BUNDLE_LOADER = "$(TEST_HOST)";
				CODE_SIGN_STYLE = Automatic;
				INFOPLIST_FILE = ExploreEarlGreyTests/Info.plist;
				LD_RUNPATH_SEARCH_PATHS = "$(inherited) @executable_path/Frameworks @loader_path/Frameworks";
				PRODUCT_BUNDLE_IDENTIFIER = com.apps.ExploreEarlGreyTests;
				PRODUCT_NAME = "$(TARGET_NAME)";
				SWIFT_VERSION = 4.0;
				TARGETED_DEVICE_FAMILY = "1,2";
				TEST_HOST = "$(BUILT_PRODUCTS_DIR)/ExploreEarlGrey.app/ExploreEarlGrey";
			};
			name = Release;
		};
		206044172068AA7100E49624 /* Debug */ = {
			isa = XCBuildConfiguration;
			baseConfigurationReference = B11477EBE2DF79A1EF4390C9 /* Pods-ExploreEarlGreyUITests.debug.xcconfig */;
			buildSettings = {
				ALWAYS_EMBED_SWIFT_STANDARD_LIBRARIES = YES;
				CODE_SIGN_STYLE = Automatic;
				INFOPLIST_FILE = ExploreEarlGreyUITests/Info.plist;
				LD_RUNPATH_SEARCH_PATHS = "$(inherited) @executable_path/Frameworks @loader_path/Frameworks";
				PRODUCT_BUNDLE_IDENTIFIER = com.apps.ExploreEarlGreyUITests;
				PRODUCT_NAME = "$(TARGET_NAME)";
				SWIFT_VERSION = 4.0;
				TARGETED_DEVICE_FAMILY = "1,2";
				TEST_TARGET_NAME = ExploreEarlGrey;
			};
			name = Debug;
		};
		206044182068AA7100E49624 /* Release */ = {
			isa = XCBuildConfiguration;
			baseConfigurationReference = 0ED92AEF7AA57AC3E04DC513 /* Pods-ExploreEarlGreyUITests.release.xcconfig */;
			buildSettings = {
				ALWAYS_EMBED_SWIFT_STANDARD_LIBRARIES = YES;
				CODE_SIGN_STYLE = Automatic;
				INFOPLIST_FILE = ExploreEarlGreyUITests/Info.plist;
				LD_RUNPATH_SEARCH_PATHS = "$(inherited) @executable_path/Frameworks @loader_path/Frameworks";
				PRODUCT_BUNDLE_IDENTIFIER = com.apps.ExploreEarlGreyUITests;
				PRODUCT_NAME = "$(TARGET_NAME)";
				SWIFT_VERSION = 4.0;
				TARGETED_DEVICE_FAMILY = "1,2";
				TEST_TARGET_NAME = ExploreEarlGrey;
			};
			name = Release;
		};
/* End XCBuildConfiguration section */

/* Begin XCConfigurationList section */
		206043E32068AA7100E49624 /* Build configuration list for PBXProject "ExploreEarlGrey" */ = {
			isa = XCConfigurationList;
			buildConfigurations = (
				2060440E2068AA7100E49624 /* Debug */,
				2060440F2068AA7100E49624 /* Release */,
			);
			defaultConfigurationIsVisible = 0;
			defaultConfigurationName = Release;
		};
		206044102068AA7100E49624 /* Build configuration list for PBXNativeTarget "ExploreEarlGrey" */ = {
			isa = XCConfigurationList;
			buildConfigurations = (
				206044112068AA7100E49624 /* Debug */,
				206044122068AA7100E49624 /* Release */,
			);
			defaultConfigurationIsVisible = 0;
			defaultConfigurationName = Release;
		};
		206044132068AA7100E49624 /* Build configuration list for PBXNativeTarget "ExploreEarlGreyTests" */ = {
			isa = XCConfigurationList;
			buildConfigurations = (
				206044142068AA7100E49624 /* Debug */,
				206044152068AA7100E49624 /* Release */,
			);
			defaultConfigurationIsVisible = 0;
			defaultConfigurationName = Release;
		};
		206044162068AA7100E49624 /* Build configuration list for PBXNativeTarget "ExploreEarlGreyUITests" */ = {
			isa = XCConfigurationList;
			buildConfigurations = (
				206044172068AA7100E49624 /* Debug */,
				206044182068AA7100E49624 /* Release */,
			);
			defaultConfigurationIsVisible = 0;
			defaultConfigurationName = Release;
		};
/* End XCConfigurationList section */
	};
	rootObject = 206043E02068AA7100E49624 /* Project object */;
}
